
Microsoft Visual Studio Solution File, Format Version 12.00
# Visual Studio Version 17
VisualStudioVersion = 17.7.34221.43
MinimumVisualStudioVersion = 10.0.40219.1
Project("{FAE04EC0-301F-11D3-BF4B-00C04F79EFBC}") = "Innovura TaskCraft UI", "Innovura TaskCraft UI\Innovura TaskCraft UI.csproj", "{F0B0FBB0-0EB9-41CD-9B11-400D5C0FB665}"
EndProject
Global
	GlobalSection(SolutionConfigurationPlatforms) = preSolution
		Debug|Any CPU = Debug|Any CPU
		Release|Any CPU = Release|Any CPU
	EndGlobalSection
	GlobalSection(ProjectConfigurationPlatforms) = postSolution
		{F0B0FBB0-0EB9-41CD-9B11-400D5C0FB665}.Debug|Any CPU.ActiveCfg = Debug|Any CPU
		{F0B0FBB0-0EB9-41CD-9B11-400D5C0FB665}.Debug|Any CPU.Build.0 = Debug|Any CPU
		{F0B0FBB0-0EB9-41CD-9B11-400D5C0FB665}.Release|Any CPU.ActiveCfg = Release|Any CPU
		{F0B0FBB0-0EB9-41CD-9B11-400D5C0FB665}.Release|Any CPU.Build.0 = Release|Any CPU
	EndGlobalSection
	GlobalSection(SolutionProperties) = preSolution
		HideSolutionNode = FALSE
	EndGlobalSection
	GlobalSection(ExtensibilityGlobals) = postSolution
		SolutionGuid = {E5C5721D-9173-4931-B5C9-10B8FBA26E82}
	EndGlobalSection
EndGlobal
